{
  "nodes": {
    "nixpkgs": {
      "locked": {
        "lastModified": 1734815036,
        "narHash": "sha256-5d2e8H7zxcf9969gVgFF9QLy26t25bRWrK4amfq45UI=",
        "owner": "NixOS",
        "repo": "nixpkgs",
        "rev": "c20f8dc757d224997fd33fd64c260abff53f79ea",
        "type": "github"
      },
      "original": {
        "id": "nixpkgs",
        "ref": "release-24.11",
        "type": "indirect"
      }
    },
    "root": {
      "inputs": {
        "nixpkgs": "nixpkgs"
      }
    }
  },
  "root": "root",
  "version": 7
}
